// !$*UTF8*$!
{
	archiveVersion = 1;
	classes = {
	};
	objectVersion = 56;
	objects = {

/* Begin PBXBuildFile section */
		0B71DC822C5A496E009344A2 /* AccountView.swift in Sources */ = {isa = PBXBuildFile; fileRef = 0B71DC812C5A496E009344A2 /* AccountView.swift */; };
		0B71DC882C5A6DAB009344A2 /* GoogleService-Info.plist in Resources */ = {isa = PBXBuildFile; fileRef = 0B71DC872C5A6DAB009344A2 /* GoogleService-Info.plist */; };
		0B71DC8A2C5A78D0009344A2 /* AccountViewModel.swift in Sources */ = {isa = PBXBuildFile; fileRef = 0B71DC892C5A78D0009344A2 /* AccountViewModel.swift */; };
		0B869CA02C569B140006CAD9 /* FirebaseAnalytics in Frameworks */ = {isa = PBXBuildFile; productRef = 0B869C9F2C569B140006CAD9 /* FirebaseAnalytics */; };
		0B869CA22C569B140006CAD9 /* FirebaseAnalyticsOnDeviceConversion in Frameworks */ = {isa = PBXBuildFile; productRef = 0B869CA12C569B140006CAD9 /* FirebaseAnalyticsOnDeviceConversion */; };
		0B869CA42C569B140006CAD9 /* FirebaseAnalyticsSwift in Frameworks */ = {isa = PBXBuildFile; productRef = 0B869CA32C569B140006CAD9 /* FirebaseAnalyticsSwift */; };
		0B869CA62C569B140006CAD9 /* FirebaseAnalyticsWithoutAdIdSupport in Frameworks */ = {isa = PBXBuildFile; productRef = 0B869CA52C569B140006CAD9 /* FirebaseAnalyticsWithoutAdIdSupport */; };
		0B869CA82C569B140006CAD9 /* FirebaseAppCheck in Frameworks */ = {isa = PBXBuildFile; productRef = 0B869CA72C569B140006CAD9 /* FirebaseAppCheck */; };
		0B869CAA2C569B140006CAD9 /* FirebaseAppDistribution-Beta in Frameworks */ = {isa = PBXBuildFile; productRef = 0B869CA92C569B140006CAD9 /* FirebaseAppDistribution-Beta */; };
		0B869CAC2C569B140006CAD9 /* FirebaseAuth in Frameworks */ = {isa = PBXBuildFile; productRef = 0B869CAB2C569B140006CAD9 /* FirebaseAuth */; };
		0B869CAE2C569B140006CAD9 /* FirebaseAuthCombine-Community in Frameworks */ = {isa = PBXBuildFile; productRef = 0B869CAD2C569B140006CAD9 /* FirebaseAuthCombine-Community */; };
		0B869CB02C569B140006CAD9 /* FirebaseCrashlytics in Frameworks */ = {isa = PBXBuildFile; productRef = 0B869CAF2C569B140006CAD9 /* FirebaseCrashlytics */; };
		0B869CB22C569B140006CAD9 /* FirebaseDatabase in Frameworks */ = {isa = PBXBuildFile; productRef = 0B869CB12C569B140006CAD9 /* FirebaseDatabase */; };
		0B869CB42C569B140006CAD9 /* FirebaseDatabaseSwift in Frameworks */ = {isa = PBXBuildFile; productRef = 0B869CB32C569B140006CAD9 /* FirebaseDatabaseSwift */; };
		0B869CB62C569B140006CAD9 /* FirebaseDynamicLinks in Frameworks */ = {isa = PBXBuildFile; productRef = 0B869CB52C569B140006CAD9 /* FirebaseDynamicLinks */; };
		0B869CB82C569B140006CAD9 /* FirebaseFirestore in Frameworks */ = {isa = PBXBuildFile; productRef = 0B869CB72C569B140006CAD9 /* FirebaseFirestore */; };
		0B869CBA2C569B140006CAD9 /* FirebaseFirestoreCombine-Community in Frameworks */ = {isa = PBXBuildFile; productRef = 0B869CB92C569B140006CAD9 /* FirebaseFirestoreCombine-Community */; };
		0B869CBC2C569B140006CAD9 /* FirebaseFirestoreSwift in Frameworks */ = {isa = PBXBuildFile; productRef = 0B869CBB2C569B140006CAD9 /* FirebaseFirestoreSwift */; };
		0B869CBE2C569B140006CAD9 /* FirebaseFunctions in Frameworks */ = {isa = PBXBuildFile; productRef = 0B869CBD2C569B140006CAD9 /* FirebaseFunctions */; };
		0B869CC02C569B140006CAD9 /* FirebaseFunctionsCombine-Community in Frameworks */ = {isa = PBXBuildFile; productRef = 0B869CBF2C569B140006CAD9 /* FirebaseFunctionsCombine-Community */; };
		0B869CC22C569B140006CAD9 /* FirebaseInAppMessaging-Beta in Frameworks */ = {isa = PBXBuildFile; productRef = 0B869CC12C569B140006CAD9 /* FirebaseInAppMessaging-Beta */; };
		0B869CC42C569B140006CAD9 /* FirebaseInAppMessagingSwift-Beta in Frameworks */ = {isa = PBXBuildFile; productRef = 0B869CC32C569B140006CAD9 /* FirebaseInAppMessagingSwift-Beta */; };
		0B869CC62C569B140006CAD9 /* FirebaseInstallations in Frameworks */ = {isa = PBXBuildFile; productRef = 0B869CC52C569B140006CAD9 /* FirebaseInstallations */; };
		0B869CC82C569B140006CAD9 /* FirebaseMLModelDownloader in Frameworks */ = {isa = PBXBuildFile; productRef = 0B869CC72C569B140006CAD9 /* FirebaseMLModelDownloader */; };
		0B869CCA2C569B140006CAD9 /* FirebaseMessaging in Frameworks */ = {isa = PBXBuildFile; productRef = 0B869CC92C569B140006CAD9 /* FirebaseMessaging */; };
		0B869CCC2C569B140006CAD9 /* FirebasePerformance in Frameworks */ = {isa = PBXBuildFile; productRef = 0B869CCB2C569B140006CAD9 /* FirebasePerformance */; };
		0B869CCE2C569B140006CAD9 /* FirebaseRemoteConfig in Frameworks */ = {isa = PBXBuildFile; productRef = 0B869CCD2C569B140006CAD9 /* FirebaseRemoteConfig */; };
		0B869CD02C569B140006CAD9 /* FirebaseRemoteConfigSwift in Frameworks */ = {isa = PBXBuildFile; productRef = 0B869CCF2C569B140006CAD9 /* FirebaseRemoteConfigSwift */; };
		0B869CD22C569B140006CAD9 /* FirebaseStorage in Frameworks */ = {isa = PBXBuildFile; productRef = 0B869CD12C569B140006CAD9 /* FirebaseStorage */; };
		0B869CD42C569B140006CAD9 /* FirebaseStorageCombine-Community in Frameworks */ = {isa = PBXBuildFile; productRef = 0B869CD32C569B140006CAD9 /* FirebaseStorageCombine-Community */; };
		0B869CD62C569B140006CAD9 /* FirebaseVertexAI-Preview in Frameworks */ = {isa = PBXBuildFile; productRef = 0B869CD52C569B140006CAD9 /* FirebaseVertexAI-Preview */; };
		0B8D50522C54A096006C030B /* AutorizationViewModel.swift in Sources */ = {isa = PBXBuildFile; fileRef = 0B8D50512C54A096006C030B /* AutorizationViewModel.swift */; };
		0B900C272C521F8F00CDE36E /* Date+.swift in Sources */ = {isa = PBXBuildFile; fileRef = 0B900C262C521F8F00CDE36E /* Date+.swift */; };
		0B900C2A2C521FE300CDE36E /* Text+.swift in Sources */ = {isa = PBXBuildFile; fileRef = 0B900C292C521FE300CDE36E /* Text+.swift */; };
		0B900C2C2C52267100CDE36E /* TopNewsRow.swift in Sources */ = {isa = PBXBuildFile; fileRef = 0B900C2B2C52267100CDE36E /* TopNewsRow.swift */; };
		0B900C2F2C5233E000CDE36E /* URLManager.swift in Sources */ = {isa = PBXBuildFile; fileRef = 0B900C2E2C5233E000CDE36E /* URLManager.swift */; };
		0B900C312C5237BC00CDE36E /* BottomNewsRow.swift in Sources */ = {isa = PBXBuildFile; fileRef = 0B900C302C5237BC00CDE36E /* BottomNewsRow.swift */; };
		0B900C332C5279E500CDE36E /* DetailNews.swift in Sources */ = {isa = PBXBuildFile; fileRef = 0B900C322C5279E500CDE36E /* DetailNews.swift */; };
		0B900C362C527F4000CDE36E /* SizeConstants.swift in Sources */ = {isa = PBXBuildFile; fileRef = 0B900C352C527F4000CDE36E /* SizeConstants.swift */; };
		0B900C392C52801E00CDE36E /* ImageDetail.swift in Sources */ = {isa = PBXBuildFile; fileRef = 0B900C382C52801E00CDE36E /* ImageDetail.swift */; };
		0B900C3E2C5286E300CDE36E /* AutorizationView.swift in Sources */ = {isa = PBXBuildFile; fileRef = 0B900C3A2C5286E300CDE36E /* AutorizationView.swift */; };
		0B900C3F2C5286E300CDE36E /* LoginView.swift in Sources */ = {isa = PBXBuildFile; fileRef = 0B900C3B2C5286E300CDE36E /* LoginView.swift */; };
		0B900C402C5286E300CDE36E /* SignInView.swift in Sources */ = {isa = PBXBuildFile; fileRef = 0B900C3C2C5286E300CDE36E /* SignInView.swift */; };
		0B9A96212C50ACB200996983 /* NewsAppApp.swift in Sources */ = {isa = PBXBuildFile; fileRef = 0B9A96202C50ACB200996983 /* NewsAppApp.swift */; };
		0B9A96232C50ACB200996983 /* HomeView.swift in Sources */ = {isa = PBXBuildFile; fileRef = 0B9A96222C50ACB200996983 /* HomeView.swift */; };
		0B9A96252C50ACB300996983 /* Assets.xcassets in Resources */ = {isa = PBXBuildFile; fileRef = 0B9A96242C50ACB300996983 /* Assets.xcassets */; };
		0B9A96282C50ACB300996983 /* Preview Assets.xcassets in Resources */ = {isa = PBXBuildFile; fileRef = 0B9A96272C50ACB300996983 /* Preview Assets.xcassets */; };
		0B9A96322C50ACB400996983 /* NewsAppTests.swift in Sources */ = {isa = PBXBuildFile; fileRef = 0B9A96312C50ACB400996983 /* NewsAppTests.swift */; };
		0B9A963C2C50ACB400996983 /* NewsAppUITests.swift in Sources */ = {isa = PBXBuildFile; fileRef = 0B9A963B2C50ACB400996983 /* NewsAppUITests.swift */; };
		0B9A963E2C50ACB400996983 /* NewsAppUITestsLaunchTests.swift in Sources */ = {isa = PBXBuildFile; fileRef = 0B9A963D2C50ACB400996983 /* NewsAppUITestsLaunchTests.swift */; };
		0B9A96522C50AD2C00996983 /* NetworkManager.swift in Sources */ = {isa = PBXBuildFile; fileRef = 0B9A96512C50AD2C00996983 /* NetworkManager.swift */; };
		0B9A96542C50B10E00996983 /* NetworkModel.swift in Sources */ = {isa = PBXBuildFile; fileRef = 0B9A96532C50B10E00996983 /* NetworkModel.swift */; };
		0B9A96562C50B33C00996983 /* NetworkError.swift in Sources */ = {isa = PBXBuildFile; fileRef = 0B9A96552C50B33C00996983 /* NetworkError.swift */; };
		0B9A965A2C50B71200996983 /* HomeViewModel.swift in Sources */ = {isa = PBXBuildFile; fileRef = 0B9A96592C50B71200996983 /* HomeViewModel.swift */; };
/* End PBXBuildFile section */

/* Begin PBXContainerItemProxy section */
		0B9A962E2C50ACB400996983 /* PBXContainerItemProxy */ = {
			isa = PBXContainerItemProxy;
			containerPortal = 0B9A96152C50ACB200996983 /* Project object */;
			proxyType = 1;
			remoteGlobalIDString = 0B9A961C2C50ACB200996983;
			remoteInfo = NewsApp;
		};
		0B9A96382C50ACB400996983 /* PBXContainerItemProxy */ = {
			isa = PBXContainerItemProxy;
			containerPortal = 0B9A96152C50ACB200996983 /* Project object */;
			proxyType = 1;
			remoteGlobalIDString = 0B9A961C2C50ACB200996983;
			remoteInfo = NewsApp;
		};
/* End PBXContainerItemProxy section */

/* Begin PBXFileReference section */
		0B71DC812C5A496E009344A2 /* AccountView.swift */ = {isa = PBXFileReference; lastKnownFileType = sourcecode.swift; path = AccountView.swift; sourceTree = "<group>"; };
		0B71DC872C5A6DAB009344A2 /* GoogleService-Info.plist */ = {isa = PBXFileReference; fileEncoding = 4; lastKnownFileType = text.plist.xml; name = "GoogleService-Info.plist"; path = "../../../../../Downloads/GoogleService-Info.plist"; sourceTree = "<group>"; };
		0B71DC892C5A78D0009344A2 /* AccountViewModel.swift */ = {isa = PBXFileReference; lastKnownFileType = sourcecode.swift; path = AccountViewModel.swift; sourceTree = "<group>"; };
		0B8D50512C54A096006C030B /* AutorizationViewModel.swift */ = {isa = PBXFileReference; lastKnownFileType = sourcecode.swift; path = AutorizationViewModel.swift; sourceTree = "<group>"; };
		0B900C262C521F8F00CDE36E /* Date+.swift */ = {isa = PBXFileReference; lastKnownFileType = sourcecode.swift; path = "Date+.swift"; sourceTree = "<group>"; };
		0B900C292C521FE300CDE36E /* Text+.swift */ = {isa = PBXFileReference; lastKnownFileType = sourcecode.swift; path = "Text+.swift"; sourceTree = "<group>"; };
		0B900C2B2C52267100CDE36E /* TopNewsRow.swift */ = {isa = PBXFileReference; lastKnownFileType = sourcecode.swift; path = TopNewsRow.swift; sourceTree = "<group>"; };
		0B900C2E2C5233E000CDE36E /* URLManager.swift */ = {isa = PBXFileReference; lastKnownFileType = sourcecode.swift; path = URLManager.swift; sourceTree = "<group>"; };
		0B900C302C5237BC00CDE36E /* BottomNewsRow.swift */ = {isa = PBXFileReference; lastKnownFileType = sourcecode.swift; path = BottomNewsRow.swift; sourceTree = "<group>"; };
		0B900C322C5279E500CDE36E /* DetailNews.swift */ = {isa = PBXFileReference; lastKnownFileType = sourcecode.swift; path = DetailNews.swift; sourceTree = "<group>"; };
		0B900C352C527F4000CDE36E /* SizeConstants.swift */ = {isa = PBXFileReference; lastKnownFileType = sourcecode.swift; path = SizeConstants.swift; sourceTree = "<group>"; };
		0B900C382C52801E00CDE36E /* ImageDetail.swift */ = {isa = PBXFileReference; lastKnownFileType = sourcecode.swift; path = ImageDetail.swift; sourceTree = "<group>"; };
		0B900C3A2C5286E300CDE36E /* AutorizationView.swift */ = {isa = PBXFileReference; fileEncoding = 4; lastKnownFileType = sourcecode.swift; path = AutorizationView.swift; sourceTree = "<group>"; };
		0B900C3B2C5286E300CDE36E /* LoginView.swift */ = {isa = PBXFileReference; fileEncoding = 4; lastKnownFileType = sourcecode.swift; path = LoginView.swift; sourceTree = "<group>"; };
		0B900C3C2C5286E300CDE36E /* SignInView.swift */ = {isa = PBXFileReference; fileEncoding = 4; lastKnownFileType = sourcecode.swift; path = SignInView.swift; sourceTree = "<group>"; };
		0B9A961D2C50ACB200996983 /* NewsApp.app */ = {isa = PBXFileReference; explicitFileType = wrapper.application; includeInIndex = 0; path = NewsApp.app; sourceTree = BUILT_PRODUCTS_DIR; };
		0B9A96202C50ACB200996983 /* NewsAppApp.swift */ = {isa = PBXFileReference; lastKnownFileType = sourcecode.swift; path = NewsAppApp.swift; sourceTree = "<group>"; };
		0B9A96222C50ACB200996983 /* HomeView.swift */ = {isa = PBXFileReference; lastKnownFileType = sourcecode.swift; path = HomeView.swift; sourceTree = "<group>"; };
		0B9A96242C50ACB300996983 /* Assets.xcassets */ = {isa = PBXFileReference; lastKnownFileType = folder.assetcatalog; path = Assets.xcassets; sourceTree = "<group>"; };
		0B9A96272C50ACB300996983 /* Preview Assets.xcassets */ = {isa = PBXFileReference; lastKnownFileType = folder.assetcatalog; path = "Preview Assets.xcassets"; sourceTree = "<group>"; };
		0B9A962D2C50ACB400996983 /* NewsAppTests.xctest */ = {isa = PBXFileReference; explicitFileType = wrapper.cfbundle; includeInIndex = 0; path = NewsAppTests.xctest; sourceTree = BUILT_PRODUCTS_DIR; };
		0B9A96312C50ACB400996983 /* NewsAppTests.swift */ = {isa = PBXFileReference; lastKnownFileType = sourcecode.swift; path = NewsAppTests.swift; sourceTree = "<group>"; };
		0B9A96372C50ACB400996983 /* NewsAppUITests.xctest */ = {isa = PBXFileReference; explicitFileType = wrapper.cfbundle; includeInIndex = 0; path = NewsAppUITests.xctest; sourceTree = BUILT_PRODUCTS_DIR; };
		0B9A963B2C50ACB400996983 /* NewsAppUITests.swift */ = {isa = PBXFileReference; lastKnownFileType = sourcecode.swift; path = NewsAppUITests.swift; sourceTree = "<group>"; };
		0B9A963D2C50ACB400996983 /* NewsAppUITestsLaunchTests.swift */ = {isa = PBXFileReference; lastKnownFileType = sourcecode.swift; path = NewsAppUITestsLaunchTests.swift; sourceTree = "<group>"; };
		0B9A96512C50AD2C00996983 /* NetworkManager.swift */ = {isa = PBXFileReference; lastKnownFileType = sourcecode.swift; path = NetworkManager.swift; sourceTree = "<group>"; };
		0B9A96532C50B10E00996983 /* NetworkModel.swift */ = {isa = PBXFileReference; lastKnownFileType = sourcecode.swift; path = NetworkModel.swift; sourceTree = "<group>"; };
		0B9A96552C50B33C00996983 /* NetworkError.swift */ = {isa = PBXFileReference; lastKnownFileType = sourcecode.swift; path = NetworkError.swift; sourceTree = "<group>"; };
		0B9A96592C50B71200996983 /* HomeViewModel.swift */ = {isa = PBXFileReference; lastKnownFileType = sourcecode.swift; path = HomeViewModel.swift; sourceTree = "<group>"; };
/* End PBXFileReference section */

/* Begin PBXFrameworksBuildPhase section */
		0B9A961A2C50ACB200996983 /* Frameworks */ = {
			isa = PBXFrameworksBuildPhase;
			buildActionMask = 2147483647;
			files = (
				0B869CB22C569B140006CAD9 /* FirebaseDatabase in Frameworks */,
				0B869CC02C569B140006CAD9 /* FirebaseFunctionsCombine-Community in Frameworks */,
				0B869CB82C569B140006CAD9 /* FirebaseFirestore in Frameworks */,
				0B869CA42C569B140006CAD9 /* FirebaseAnalyticsSwift in Frameworks */,
				0B869CA02C569B140006CAD9 /* FirebaseAnalytics in Frameworks */,
				0B869CA22C569B140006CAD9 /* FirebaseAnalyticsOnDeviceConversion in Frameworks */,
				0B869CC82C569B140006CAD9 /* FirebaseMLModelDownloader in Frameworks */,
				0B869CBC2C569B140006CAD9 /* FirebaseFirestoreSwift in Frameworks */,
				0B869CA82C569B140006CAD9 /* FirebaseAppCheck in Frameworks */,
				0B869CA62C569B140006CAD9 /* FirebaseAnalyticsWithoutAdIdSupport in Frameworks */,
				0B869CAC2C569B140006CAD9 /* FirebaseAuth in Frameworks */,
				0B869CB02C569B140006CAD9 /* FirebaseCrashlytics in Frameworks */,
				0B869CD02C569B140006CAD9 /* FirebaseRemoteConfigSwift in Frameworks */,
				0B869CC22C569B140006CAD9 /* FirebaseInAppMessaging-Beta in Frameworks */,
				0B869CB42C569B140006CAD9 /* FirebaseDatabaseSwift in Frameworks */,
				0B869CBE2C569B140006CAD9 /* FirebaseFunctions in Frameworks */,
				0B869CD42C569B140006CAD9 /* FirebaseStorageCombine-Community in Frameworks */,
				0B869CCE2C569B140006CAD9 /* FirebaseRemoteConfig in Frameworks */,
				0B869CAA2C569B140006CAD9 /* FirebaseAppDistribution-Beta in Frameworks */,
				0B869CAE2C569B140006CAD9 /* FirebaseAuthCombine-Community in Frameworks */,
				0B869CCC2C569B140006CAD9 /* FirebasePerformance in Frameworks */,
				0B869CC42C569B140006CAD9 /* FirebaseInAppMessagingSwift-Beta in Frameworks */,
				0B869CD22C569B140006CAD9 /* FirebaseStorage in Frameworks */,
				0B869CB62C569B140006CAD9 /* FirebaseDynamicLinks in Frameworks */,
				0B869CD62C569B140006CAD9 /* FirebaseVertexAI-Preview in Frameworks */,
				0B869CBA2C569B140006CAD9 /* FirebaseFirestoreCombine-Community in Frameworks */,
				0B869CCA2C569B140006CAD9 /* FirebaseMessaging in Frameworks */,
				0B869CC62C569B140006CAD9 /* FirebaseInstallations in Frameworks */,
			);
			runOnlyForDeploymentPostprocessing = 0;
		};
		0B9A962A2C50ACB400996983 /* Frameworks */ = {
			isa = PBXFrameworksBuildPhase;
			buildActionMask = 2147483647;
			files = (
			);
			runOnlyForDeploymentPostprocessing = 0;
		};
		0B9A96342C50ACB400996983 /* Frameworks */ = {
			isa = PBXFrameworksBuildPhase;
			buildActionMask = 2147483647;
			files = (
			);
			runOnlyForDeploymentPostprocessing = 0;
		};
/* End PBXFrameworksBuildPhase section */

/* Begin PBXGroup section */
		0B8D50532C54A0AC006C030B /* Auntificated */ = {
			isa = PBXGroup;
			children = (
				0B8D50512C54A096006C030B /* AutorizationViewModel.swift */,
				0B71DC892C5A78D0009344A2 /* AccountViewModel.swift */,
			);
			path = Auntificated;
			sourceTree = "<group>";
		};
		0B900C282C521F9700CDE36E /* Extension */ = {
			isa = PBXGroup;
			children = (
				0B900C262C521F8F00CDE36E /* Date+.swift */,
				0B900C292C521FE300CDE36E /* Text+.swift */,
				0B900C352C527F4000CDE36E /* SizeConstants.swift */,
			);
			path = Extension;
			sourceTree = "<group>";
		};
		0B900C2D2C522BE000CDE36E /* Home */ = {
			isa = PBXGroup;
			children = (
				0B9A96222C50ACB200996983 /* HomeView.swift */,
				0B900C2B2C52267100CDE36E /* TopNewsRow.swift */,
				0B900C302C5237BC00CDE36E /* BottomNewsRow.swift */,
			);
			path = Home;
			sourceTree = "<group>";
		};
		0B900C342C5279F500CDE36E /* DetailNews */ = {
			isa = PBXGroup;
			children = (
				0B900C322C5279E500CDE36E /* DetailNews.swift */,
				0B900C382C52801E00CDE36E /* ImageDetail.swift */,
			);
			path = DetailNews;
			sourceTree = "<group>";
		};
		0B900C3D2C5286E300CDE36E /* Autorization */ = {
			isa = PBXGroup;
			children = (
				0B71DC812C5A496E009344A2 /* AccountView.swift */,
				0B900C3A2C5286E300CDE36E /* AutorizationView.swift */,
				0B900C3B2C5286E300CDE36E /* LoginView.swift */,
				0B900C3C2C5286E300CDE36E /* SignInView.swift */,
			);
			path = Autorization;
			sourceTree = "<group>";
		};
		0B9A96142C50ACB200996983 = {
			isa = PBXGroup;
			children = (
				0B9A961F2C50ACB200996983 /* NewsApp */,
				0B9A96302C50ACB400996983 /* NewsAppTests */,
				0B9A963A2C50ACB400996983 /* NewsAppUITests */,
				0B9A961E2C50ACB200996983 /* Products */,
			);
			sourceTree = "<group>";
		};
		0B9A961E2C50ACB200996983 /* Products */ = {
			isa = PBXGroup;
			children = (
				0B9A961D2C50ACB200996983 /* NewsApp.app */,
				0B9A962D2C50ACB400996983 /* NewsAppTests.xctest */,
				0B9A96372C50ACB400996983 /* NewsAppUITests.xctest */,
			);
			name = Products;
			sourceTree = "<group>";
		};
		0B9A961F2C50ACB200996983 /* NewsApp */ = {
			isa = PBXGroup;
			children = (
				0B9A964A2C50ACC700996983 /* Application */,
				0B900C282C521F9700CDE36E /* Extension */,
				0B9A964F2C50ACFB00996983 /* Model */,
				0B9A964B2C50ACD600996983 /* View */,
				0B9A96572C50B6F000996983 /* ViewModel */,
				0B9A96262C50ACB300996983 /* Preview Content */,
			);
			path = NewsApp;
			sourceTree = "<group>";
		};
		0B9A96262C50ACB300996983 /* Preview Content */ = {
			isa = PBXGroup;
			children = (
				0B9A96272C50ACB300996983 /* Preview Assets.xcassets */,
			);
			path = "Preview Content";
			sourceTree = "<group>";
		};
		0B9A96302C50ACB400996983 /* NewsAppTests */ = {
			isa = PBXGroup;
			children = (
				0B9A96312C50ACB400996983 /* NewsAppTests.swift */,
			);
			path = NewsAppTests;
			sourceTree = "<group>";
		};
		0B9A963A2C50ACB400996983 /* NewsAppUITests */ = {
			isa = PBXGroup;
			children = (
				0B9A963B2C50ACB400996983 /* NewsAppUITests.swift */,
				0B9A963D2C50ACB400996983 /* NewsAppUITestsLaunchTests.swift */,
			);
			path = NewsAppUITests;
			sourceTree = "<group>";
		};
		0B9A964A2C50ACC700996983 /* Application */ = {
			isa = PBXGroup;
			children = (
				0B9A96202C50ACB200996983 /* NewsAppApp.swift */,
				0B9A96242C50ACB300996983 /* Assets.xcassets */,
				0B71DC872C5A6DAB009344A2 /* GoogleService-Info.plist */,
			);
			path = Application;
			sourceTree = "<group>";
		};
		0B9A964B2C50ACD600996983 /* View */ = {
			isa = PBXGroup;
			children = (
				0B900C3D2C5286E300CDE36E /* Autorization */,
				0B900C2D2C522BE000CDE36E /* Home */,
				0B900C342C5279F500CDE36E /* DetailNews */,
			);
			path = View;
			sourceTree = "<group>";
		};
		0B9A964F2C50ACFB00996983 /* Model */ = {
			isa = PBXGroup;
			children = (
				0BB9ADAA2C590DE100EE43D0 /* DataBase */,
				0B9A96502C50AD0B00996983 /* Network */,
			);
			path = Model;
			sourceTree = "<group>";
		};
		0B9A96502C50AD0B00996983 /* Network */ = {
			isa = PBXGroup;
			children = (
				0B9A96512C50AD2C00996983 /* NetworkManager.swift */,
				0B9A96532C50B10E00996983 /* NetworkModel.swift */,
				0B900C2E2C5233E000CDE36E /* URLManager.swift */,
				0B9A96552C50B33C00996983 /* NetworkError.swift */,
			);
			path = Network;
			sourceTree = "<group>";
		};
		0B9A96572C50B6F000996983 /* ViewModel */ = {
			isa = PBXGroup;
			children = (
				0B9A96582C50B70200996983 /* Home */,
				0B8D50532C54A0AC006C030B /* Auntificated */,
			);
			path = ViewModel;
			sourceTree = "<group>";
		};
		0B9A96582C50B70200996983 /* Home */ = {
			isa = PBXGroup;
			children = (
				0B9A96592C50B71200996983 /* HomeViewModel.swift */,
			);
			path = Home;
			sourceTree = "<group>";
		};
		0BB9ADAA2C590DE100EE43D0 /* DataBase */ = {
			isa = PBXGroup;
			children = (
			);
			path = DataBase;
			sourceTree = "<group>";
		};
/* End PBXGroup section */

/* Begin PBXNativeTarget section */
		0B9A961C2C50ACB200996983 /* NewsApp */ = {
			isa = PBXNativeTarget;
			buildConfigurationList = 0B9A96412C50ACB400996983 /* Build configuration list for PBXNativeTarget "NewsApp" */;
			buildPhases = (
				0B9A96192C50ACB200996983 /* Sources */,
				0B9A961A2C50ACB200996983 /* Frameworks */,
				0B9A961B2C50ACB200996983 /* Resources */,
			);
			buildRules = (
			);
			dependencies = (
			);
			name = NewsApp;
			packageProductDependencies = (
				0B869C9F2C569B140006CAD9 /* FirebaseAnalytics */,
				0B869CA12C569B140006CAD9 /* FirebaseAnalyticsOnDeviceConversion */,
				0B869CA32C569B140006CAD9 /* FirebaseAnalyticsSwift */,
				0B869CA52C569B140006CAD9 /* FirebaseAnalyticsWithoutAdIdSupport */,
				0B869CA72C569B140006CAD9 /* FirebaseAppCheck */,
				0B869CA92C569B140006CAD9 /* FirebaseAppDistribution-Beta */,
				0B869CAB2C569B140006CAD9 /* FirebaseAuth */,
				0B869CAD2C569B140006CAD9 /* FirebaseAuthCombine-Community */,
				0B869CAF2C569B140006CAD9 /* FirebaseCrashlytics */,
				0B869CB12C569B140006CAD9 /* FirebaseDatabase */,
				0B869CB32C569B140006CAD9 /* FirebaseDatabaseSwift */,
				0B869CB52C569B140006CAD9 /* FirebaseDynamicLinks */,
				0B869CB72C569B140006CAD9 /* FirebaseFirestore */,
				0B869CB92C569B140006CAD9 /* FirebaseFirestoreCombine-Community */,
				0B869CBB2C569B140006CAD9 /* FirebaseFirestoreSwift */,
				0B869CBD2C569B140006CAD9 /* FirebaseFunctions */,
				0B869CBF2C569B140006CAD9 /* FirebaseFunctionsCombine-Community */,
				0B869CC12C569B140006CAD9 /* FirebaseInAppMessaging-Beta */,
				0B869CC32C569B140006CAD9 /* FirebaseInAppMessagingSwift-Beta */,
				0B869CC52C569B140006CAD9 /* FirebaseInstallations */,
				0B869CC72C569B140006CAD9 /* FirebaseMLModelDownloader */,
				0B869CC92C569B140006CAD9 /* FirebaseMessaging */,
				0B869CCB2C569B140006CAD9 /* FirebasePerformance */,
				0B869CCD2C569B140006CAD9 /* FirebaseRemoteConfig */,
				0B869CCF2C569B140006CAD9 /* FirebaseRemoteConfigSwift */,
				0B869CD12C569B140006CAD9 /* FirebaseStorage */,
				0B869CD32C569B140006CAD9 /* FirebaseStorageCombine-Community */,
				0B869CD52C569B140006CAD9 /* FirebaseVertexAI-Preview */,
			);
			productName = NewsApp;
			productReference = 0B9A961D2C50ACB200996983 /* NewsApp.app */;
			productType = "com.apple.product-type.application";
		};
		0B9A962C2C50ACB400996983 /* NewsAppTests */ = {
			isa = PBXNativeTarget;
			buildConfigurationList = 0B9A96442C50ACB400996983 /* Build configuration list for PBXNativeTarget "NewsAppTests" */;
			buildPhases = (
				0B9A96292C50ACB400996983 /* Sources */,
				0B9A962A2C50ACB400996983 /* Frameworks */,
				0B9A962B2C50ACB400996983 /* Resources */,
			);
			buildRules = (
			);
			dependencies = (
				0B9A962F2C50ACB400996983 /* PBXTargetDependency */,
			);
			name = NewsAppTests;
			productName = NewsAppTests;
			productReference = 0B9A962D2C50ACB400996983 /* NewsAppTests.xctest */;
			productType = "com.apple.product-type.bundle.unit-test";
		};
		0B9A96362C50ACB400996983 /* NewsAppUITests */ = {
			isa = PBXNativeTarget;
			buildConfigurationList = 0B9A96472C50ACB400996983 /* Build configuration list for PBXNativeTarget "NewsAppUITests" */;
			buildPhases = (
				0B9A96332C50ACB400996983 /* Sources */,
				0B9A96342C50ACB400996983 /* Frameworks */,
				0B9A96352C50ACB400996983 /* Resources */,
			);
			buildRules = (
			);
			dependencies = (
				0B9A96392C50ACB400996983 /* PBXTargetDependency */,
			);
			name = NewsAppUITests;
			productName = NewsAppUITests;
			productReference = 0B9A96372C50ACB400996983 /* NewsAppUITests.xctest */;
			productType = "com.apple.product-type.bundle.ui-testing";
		};
/* End PBXNativeTarget section */

/* Begin PBXProject section */
		0B9A96152C50ACB200996983 /* Project object */ = {
			isa = PBXProject;
			attributes = {
				BuildIndependentTargetsInParallel = 1;
				LastSwiftUpdateCheck = 1540;
				LastUpgradeCheck = 1540;
				TargetAttributes = {
					0B9A961C2C50ACB200996983 = {
						CreatedOnToolsVersion = 15.4;
					};
					0B9A962C2C50ACB400996983 = {
						CreatedOnToolsVersion = 15.4;
						TestTargetID = 0B9A961C2C50ACB200996983;
					};
					0B9A96362C50ACB400996983 = {
						CreatedOnToolsVersion = 15.4;
						TestTargetID = 0B9A961C2C50ACB200996983;
					};
				};
			};
			buildConfigurationList = 0B9A96182C50ACB200996983 /* Build configuration list for PBXProject "NewsApp" */;
			compatibilityVersion = "Xcode 14.0";
			developmentRegion = en;
			hasScannedForEncodings = 0;
			knownRegions = (
				en,
				Base,
			);
			mainGroup = 0B9A96142C50ACB200996983;
			packageReferences = (
				0B869C9E2C569B140006CAD9 /* XCRemoteSwiftPackageReference "firebase-ios-sdk" */,
			);
			productRefGroup = 0B9A961E2C50ACB200996983 /* Products */;
			projectDirPath = "";
			projectRoot = "";
			targets = (
				0B9A961C2C50ACB200996983 /* NewsApp */,
				0B9A962C2C50ACB400996983 /* NewsAppTests */,
				0B9A96362C50ACB400996983 /* NewsAppUITests */,
			);
		};
/* End PBXProject section */

/* Begin PBXResourcesBuildPhase section */
		0B9A961B2C50ACB200996983 /* Resources */ = {
			isa = PBXResourcesBuildPhase;
			buildActionMask = 2147483647;
			files = (
				0B9A96282C50ACB300996983 /* Preview Assets.xcassets in Resources */,
				0B9A96252C50ACB300996983 /* Assets.xcassets in Resources */,
				0B71DC882C5A6DAB009344A2 /* GoogleService-Info.plist in Resources */,
			);
			runOnlyForDeploymentPostprocessing = 0;
		};
		0B9A962B2C50ACB400996983 /* Resources */ = {
			isa = PBXResourcesBuildPhase;
			buildActionMask = 2147483647;
			files = (
			);
			runOnlyForDeploymentPostprocessing = 0;
		};
		0B9A96352C50ACB400996983 /* Resources */ = {
			isa = PBXResourcesBuildPhase;
			buildActionMask = 2147483647;
			files = (
			);
			runOnlyForDeploymentPostprocessing = 0;
		};
/* End PBXResourcesBuildPhase section */

/* Begin PBXSourcesBuildPhase section */
		0B9A96192C50ACB200996983 /* Sources */ = {
			isa = PBXSourcesBuildPhase;
			buildActionMask = 2147483647;
			files = (
				0B900C3E2C5286E300CDE36E /* AutorizationView.swift in Sources */,
				0B71DC8A2C5A78D0009344A2 /* AccountViewModel.swift in Sources */,
				0B9A96522C50AD2C00996983 /* NetworkManager.swift in Sources */,
				0B900C312C5237BC00CDE36E /* BottomNewsRow.swift in Sources */,
				0B9A96232C50ACB200996983 /* HomeView.swift in Sources */,
				0B9A965A2C50B71200996983 /* HomeViewModel.swift in Sources */,
				0B900C2F2C5233E000CDE36E /* URLManager.swift in Sources */,
				0B9A96562C50B33C00996983 /* NetworkError.swift in Sources */,
				0B900C392C52801E00CDE36E /* ImageDetail.swift in Sources */,
				0B900C362C527F4000CDE36E /* SizeConstants.swift in Sources */,
				0B9A96542C50B10E00996983 /* NetworkModel.swift in Sources */,
				0B900C332C5279E500CDE36E /* DetailNews.swift in Sources */,
				0B9A96212C50ACB200996983 /* NewsAppApp.swift in Sources */,
				0B900C402C5286E300CDE36E /* SignInView.swift in Sources */,
				0B71DC822C5A496E009344A2 /* AccountView.swift in Sources */,
				0B8D50522C54A096006C030B /* AutorizationViewModel.swift in Sources */,
				0B900C2C2C52267100CDE36E /* TopNewsRow.swift in Sources */,
				0B900C272C521F8F00CDE36E /* Date+.swift in Sources */,
				0B900C3F2C5286E300CDE36E /* LoginView.swift in Sources */,
				0B900C2A2C521FE300CDE36E /* Text+.swift in Sources */,
			);
			runOnlyForDeploymentPostprocessing = 0;
		};
		0B9A96292C50ACB400996983 /* Sources */ = {
			isa = PBXSourcesBuildPhase;
			buildActionMask = 2147483647;
			files = (
				0B9A96322C50ACB400996983 /* NewsAppTests.swift in Sources */,
			);
			runOnlyForDeploymentPostprocessing = 0;
		};
		0B9A96332C50ACB400996983 /* Sources */ = {
			isa = PBXSourcesBuildPhase;
			buildActionMask = 2147483647;
			files = (
				0B9A963C2C50ACB400996983 /* NewsAppUITests.swift in Sources */,
				0B9A963E2C50ACB400996983 /* NewsAppUITestsLaunchTests.swift in Sources */,
			);
			runOnlyForDeploymentPostprocessing = 0;
		};
/* End PBXSourcesBuildPhase section */

/* Begin PBXTargetDependency section */
		0B9A962F2C50ACB400996983 /* PBXTargetDependency */ = {
			isa = PBXTargetDependency;
			target = 0B9A961C2C50ACB200996983 /* NewsApp */;
			targetProxy = 0B9A962E2C50ACB400996983 /* PBXContainerItemProxy */;
		};
		0B9A96392C50ACB400996983 /* PBXTargetDependency */ = {
			isa = PBXTargetDependency;
			target = 0B9A961C2C50ACB200996983 /* NewsApp */;
			targetProxy = 0B9A96382C50ACB400996983 /* PBXContainerItemProxy */;
		};
/* End PBXTargetDependency section */

/* Begin XCBuildConfiguration section */
		0B9A963F2C50ACB400996983 /* Debug */ = {
			isa = XCBuildConfiguration;
			buildSettings = {
				ALWAYS_SEARCH_USER_PATHS = NO;
				ASSETCATALOG_COMPILER_GENERATE_SWIFT_ASSET_SYMBOL_EXTENSIONS = YES;
				CLANG_ANALYZER_NONNULL = YES;
				CLANG_ANALYZER_NUMBER_OBJECT_CONVERSION = YES_AGGRESSIVE;
				CLANG_CXX_LANGUAGE_STANDARD = "gnu++20";
				CLANG_ENABLE_MODULES = YES;
				CLANG_ENABLE_OBJC_ARC = YES;
				CLANG_ENABLE_OBJC_WEAK = YES;
				CLANG_WARN_BLOCK_CAPTURE_AUTORELEASING = YES;
				CLANG_WARN_BOOL_CONVERSION = YES;
				CLANG_WARN_COMMA = YES;
				CLANG_WARN_CONSTANT_CONVERSION = YES;
				CLANG_WARN_DEPRECATED_OBJC_IMPLEMENTATIONS = YES;
				CLANG_WARN_DIRECT_OBJC_ISA_USAGE = YES_ERROR;
				CLANG_WARN_DOCUMENTATION_COMMENTS = YES;
				CLANG_WARN_EMPTY_BODY = YES;
				CLANG_WARN_ENUM_CONVERSION = YES;
				CLANG_WARN_INFINITE_RECURSION = YES;
				CLANG_WARN_INT_CONVERSION = YES;
				CLANG_WARN_NON_LITERAL_NULL_CONVERSION = YES;
				CLANG_WARN_OBJC_IMPLICIT_RETAIN_SELF = YES;
				CLANG_WARN_OBJC_LITERAL_CONVERSION = YES;
				CLANG_WARN_OBJC_ROOT_CLASS = YES_ERROR;
				CLANG_WARN_QUOTED_INCLUDE_IN_FRAMEWORK_HEADER = YES;
				CLANG_WARN_RANGE_LOOP_ANALYSIS = YES;
				CLANG_WARN_STRICT_PROTOTYPES = YES;
				CLANG_WARN_SUSPICIOUS_MOVE = YES;
				CLANG_WARN_UNGUARDED_AVAILABILITY = YES_AGGRESSIVE;
				CLANG_WARN_UNREACHABLE_CODE = YES;
				CLANG_WARN__DUPLICATE_METHOD_MATCH = YES;
				COPY_PHASE_STRIP = NO;
				DEBUG_INFORMATION_FORMAT = dwarf;
				ENABLE_STRICT_OBJC_MSGSEND = YES;
				ENABLE_TESTABILITY = YES;
				ENABLE_USER_SCRIPT_SANDBOXING = YES;
				GCC_C_LANGUAGE_STANDARD = gnu17;
				GCC_DYNAMIC_NO_PIC = NO;
				GCC_NO_COMMON_BLOCKS = YES;
				GCC_OPTIMIZATION_LEVEL = 0;
				GCC_PREPROCESSOR_DEFINITIONS = (
					"DEBUG=1",
					"$(inherited)",
				);
				GCC_WARN_64_TO_32_BIT_CONVERSION = YES;
				GCC_WARN_ABOUT_RETURN_TYPE = YES_ERROR;
				GCC_WARN_UNDECLARED_SELECTOR = YES;
				GCC_WARN_UNINITIALIZED_AUTOS = YES_AGGRESSIVE;
				GCC_WARN_UNUSED_FUNCTION = YES;
				GCC_WARN_UNUSED_VARIABLE = YES;
				IPHONEOS_DEPLOYMENT_TARGET = 16.0;
				LOCALIZATION_PREFERS_STRING_CATALOGS = YES;
				MTL_ENABLE_DEBUG_INFO = INCLUDE_SOURCE;
				MTL_FAST_MATH = YES;
				ONLY_ACTIVE_ARCH = YES;
				SDKROOT = iphoneos;
				SWIFT_ACTIVE_COMPILATION_CONDITIONS = "DEBUG $(inherited)";
				SWIFT_OPTIMIZATION_LEVEL = "-Onone";
			};
			name = Debug;
		};
		0B9A96402C50ACB400996983 /* Release */ = {
			isa = XCBuildConfiguration;
			buildSettings = {
				ALWAYS_SEARCH_USER_PATHS = NO;
				ASSETCATALOG_COMPILER_GENERATE_SWIFT_ASSET_SYMBOL_EXTENSIONS = YES;
				CLANG_ANALYZER_NONNULL = YES;
				CLANG_ANALYZER_NUMBER_OBJECT_CONVERSION = YES_AGGRESSIVE;
				CLANG_CXX_LANGUAGE_STANDARD = "gnu++20";
				CLANG_ENABLE_MODULES = YES;
				CLANG_ENABLE_OBJC_ARC = YES;
				CLANG_ENABLE_OBJC_WEAK = YES;
				CLANG_WARN_BLOCK_CAPTURE_AUTORELEASING = YES;
				CLANG_WARN_BOOL_CONVERSION = YES;
				CLANG_WARN_COMMA = YES;
				CLANG_WARN_CONSTANT_CONVERSION = YES;
				CLANG_WARN_DEPRECATED_OBJC_IMPLEMENTATIONS = YES;
				CLANG_WARN_DIRECT_OBJC_ISA_USAGE = YES_ERROR;
				CLANG_WARN_DOCUMENTATION_COMMENTS = YES;
				CLANG_WARN_EMPTY_BODY = YES;
				CLANG_WARN_ENUM_CONVERSION = YES;
				CLANG_WARN_INFINITE_RECURSION = YES;
				CLANG_WARN_INT_CONVERSION = YES;
				CLANG_WARN_NON_LITERAL_NULL_CONVERSION = YES;
				CLANG_WARN_OBJC_IMPLICIT_RETAIN_SELF = YES;
				CLANG_WARN_OBJC_LITERAL_CONVERSION = YES;
				CLANG_WARN_OBJC_ROOT_CLASS = YES_ERROR;
				CLANG_WARN_QUOTED_INCLUDE_IN_FRAMEWORK_HEADER = YES;
				CLANG_WARN_RANGE_LOOP_ANALYSIS = YES;
				CLANG_WARN_STRICT_PROTOTYPES = YES;
				CLANG_WARN_SUSPICIOUS_MOVE = YES;
				CLANG_WARN_UNGUARDED_AVAILABILITY = YES_AGGRESSIVE;
				CLANG_WARN_UNREACHABLE_CODE = YES;
				CLANG_WARN__DUPLICATE_METHOD_MATCH = YES;
				COPY_PHASE_STRIP = NO;
				DEBUG_INFORMATION_FORMAT = "dwarf-with-dsym";
				ENABLE_NS_ASSERTIONS = NO;
				ENABLE_STRICT_OBJC_MSGSEND = YES;
				ENABLE_USER_SCRIPT_SANDBOXING = YES;
				GCC_C_LANGUAGE_STANDARD = gnu17;
				GCC_NO_COMMON_BLOCKS = YES;
				GCC_WARN_64_TO_32_BIT_CONVERSION = YES;
				GCC_WARN_ABOUT_RETURN_TYPE = YES_ERROR;
				GCC_WARN_UNDECLARED_SELECTOR = YES;
				GCC_WARN_UNINITIALIZED_AUTOS = YES_AGGRESSIVE;
				GCC_WARN_UNUSED_FUNCTION = YES;
				GCC_WARN_UNUSED_VARIABLE = YES;
				IPHONEOS_DEPLOYMENT_TARGET = 16.0;
				LOCALIZATION_PREFERS_STRING_CATALOGS = YES;
				MTL_ENABLE_DEBUG_INFO = NO;
				MTL_FAST_MATH = YES;
				SDKROOT = iphoneos;
				SWIFT_COMPILATION_MODE = wholemodule;
				VALIDATE_PRODUCT = YES;
			};
			name = Release;
		};
		0B9A96422C50ACB400996983 /* Debug */ = {
			isa = XCBuildConfiguration;
			buildSettings = {
				ASSETCATALOG_COMPILER_APPICON_NAME = AppIcon;
				ASSETCATALOG_COMPILER_GLOBAL_ACCENT_COLOR_NAME = AccentColor;
				CODE_SIGN_STYLE = Automatic;
				CURRENT_PROJECT_VERSION = 1;
				DEVELOPMENT_ASSET_PATHS = "\"NewsApp/Preview Content\"";
				DEVELOPMENT_TEAM = BC36S54BFF;
				ENABLE_PREVIEWS = YES;
				GENERATE_INFOPLIST_FILE = YES;
				INFOPLIST_KEY_UIApplicationSceneManifest_Generation = YES;
				INFOPLIST_KEY_UIApplicationSupportsIndirectInputEvents = YES;
				INFOPLIST_KEY_UILaunchScreen_Generation = YES;
				INFOPLIST_KEY_UISupportedInterfaceOrientations_iPad = "UIInterfaceOrientationPortrait UIInterfaceOrientationPortraitUpsideDown UIInterfaceOrientationLandscapeLeft UIInterfaceOrientationLandscapeRight";
				INFOPLIST_KEY_UISupportedInterfaceOrientations_iPhone = "UIInterfaceOrientationPortrait UIInterfaceOrientationLandscapeLeft UIInterfaceOrientationLandscapeRight";
				LD_RUNPATH_SEARCH_PATHS = (
					"$(inherited)",
					"@executable_path/Frameworks",
				);
				MARKETING_VERSION = 1.0;
				PRODUCT_BUNDLE_IDENTIFIER = "Lev-Vlasov.NewsApp";
				PRODUCT_NAME = "$(TARGET_NAME)";
				SWIFT_EMIT_LOC_STRINGS = YES;
				SWIFT_VERSION = 5.0;
				TARGETED_DEVICE_FAMILY = "1,2";
			};
			name = Debug;
		};
		0B9A96432C50ACB400996983 /* Release */ = {
			isa = XCBuildConfiguration;
			buildSettings = {
				ASSETCATALOG_COMPILER_APPICON_NAME = AppIcon;
				ASSETCATALOG_COMPILER_GLOBAL_ACCENT_COLOR_NAME = AccentColor;
				CODE_SIGN_STYLE = Automatic;
				CURRENT_PROJECT_VERSION = 1;
				DEVELOPMENT_ASSET_PATHS = "\"NewsApp/Preview Content\"";
				DEVELOPMENT_TEAM = BC36S54BFF;
				ENABLE_PREVIEWS = YES;
				GENERATE_INFOPLIST_FILE = YES;
				INFOPLIST_KEY_UIApplicationSceneManifest_Generation = YES;
				INFOPLIST_KEY_UIApplicationSupportsIndirectInputEvents = YES;
				INFOPLIST_KEY_UILaunchScreen_Generation = YES;
				INFOPLIST_KEY_UISupportedInterfaceOrientations_iPad = "UIInterfaceOrientationPortrait UIInterfaceOrientationPortraitUpsideDown UIInterfaceOrientationLandscapeLeft UIInterfaceOrientationLandscapeRight";
				INFOPLIST_KEY_UISupportedInterfaceOrientations_iPhone = "UIInterfaceOrientationPortrait UIInterfaceOrientationLandscapeLeft UIInterfaceOrientationLandscapeRight";
				LD_RUNPATH_SEARCH_PATHS = (
					"$(inherited)",
					"@executable_path/Frameworks",
				);
				MARKETING_VERSION = 1.0;
				PRODUCT_BUNDLE_IDENTIFIER = "Lev-Vlasov.NewsApp";
				PRODUCT_NAME = "$(TARGET_NAME)";
				SWIFT_EMIT_LOC_STRINGS = YES;
				SWIFT_VERSION = 5.0;
				TARGETED_DEVICE_FAMILY = "1,2";
			};
			name = Release;
		};
		0B9A96452C50ACB400996983 /* Debug */ = {
			isa = XCBuildConfiguration;
			buildSettings = {
				ALWAYS_EMBED_SWIFT_STANDARD_LIBRARIES = YES;
				BUNDLE_LOADER = "$(TEST_HOST)";
				CODE_SIGN_STYLE = Automatic;
				CURRENT_PROJECT_VERSION = 1;
				DEVELOPMENT_TEAM = BC36S54BFF;
				GENERATE_INFOPLIST_FILE = YES;
				IPHONEOS_DEPLOYMENT_TARGET = 17.5;
				MARKETING_VERSION = 1.0;
				PRODUCT_BUNDLE_IDENTIFIER = "Lev-Vlasov.NewsAppTests";
				PRODUCT_NAME = "$(TARGET_NAME)";
				SWIFT_EMIT_LOC_STRINGS = NO;
				SWIFT_VERSION = 5.0;
				TARGETED_DEVICE_FAMILY = "1,2";
				TEST_HOST = "$(BUILT_PRODUCTS_DIR)/NewsApp.app/$(BUNDLE_EXECUTABLE_FOLDER_PATH)/NewsApp";
			};
			name = Debug;
		};
		0B9A96462C50ACB400996983 /* Release */ = {
			isa = XCBuildConfiguration;
			buildSettings = {
				ALWAYS_EMBED_SWIFT_STANDARD_LIBRARIES = YES;
				BUNDLE_LOADER = "$(TEST_HOST)";
				CODE_SIGN_STYLE = Automatic;
				CURRENT_PROJECT_VERSION = 1;
				DEVELOPMENT_TEAM = BC36S54BFF;
				GENERATE_INFOPLIST_FILE = YES;
				IPHONEOS_DEPLOYMENT_TARGET = 17.5;
				MARKETING_VERSION = 1.0;
				PRODUCT_BUNDLE_IDENTIFIER = "Lev-Vlasov.NewsAppTests";
				PRODUCT_NAME = "$(TARGET_NAME)";
				SWIFT_EMIT_LOC_STRINGS = NO;
				SWIFT_VERSION = 5.0;
				TARGETED_DEVICE_FAMILY = "1,2";
				TEST_HOST = "$(BUILT_PRODUCTS_DIR)/NewsApp.app/$(BUNDLE_EXECUTABLE_FOLDER_PATH)/NewsApp";
			};
			name = Release;
		};
		0B9A96482C50ACB400996983 /* Debug */ = {
			isa = XCBuildConfiguration;
			buildSettings = {
				ALWAYS_EMBED_SWIFT_STANDARD_LIBRARIES = YES;
				CODE_SIGN_STYLE = Automatic;
				CURRENT_PROJECT_VERSION = 1;
				DEVELOPMENT_TEAM = BC36S54BFF;
				GENERATE_INFOPLIST_FILE = YES;
				MARKETING_VERSION = 1.0;
				PRODUCT_BUNDLE_IDENTIFIER = "Lev-Vlasov.NewsAppUITests";
				PRODUCT_NAME = "$(TARGET_NAME)";
				SWIFT_EMIT_LOC_STRINGS = NO;
				SWIFT_VERSION = 5.0;
				TARGETED_DEVICE_FAMILY = "1,2";
				TEST_TARGET_NAME = NewsApp;
			};
			name = Debug;
		};
		0B9A96492C50ACB400996983 /* Release */ = {
			isa = XCBuildConfiguration;
			buildSettings = {
				ALWAYS_EMBED_SWIFT_STANDARD_LIBRARIES = YES;
				CODE_SIGN_STYLE = Automatic;
				CURRENT_PROJECT_VERSION = 1;
				DEVELOPMENT_TEAM = BC36S54BFF;
				GENERATE_INFOPLIST_FILE = YES;
				MARKETING_VERSION = 1.0;
				PRODUCT_BUNDLE_IDENTIFIER = "Lev-Vlasov.NewsAppUITests";
				PRODUCT_NAME = "$(TARGET_NAME)";
				SWIFT_EMIT_LOC_STRINGS = NO;
				SWIFT_VERSION = 5.0;
				TARGETED_DEVICE_FAMILY = "1,2";
				TEST_TARGET_NAME = NewsApp;
			};
			name = Release;
		};
/* End XCBuildConfiguration section */

/* Begin XCConfigurationList section */
		0B9A96182C50ACB200996983 /* Build configuration list for PBXProject "NewsApp" */ = {
			isa = XCConfigurationList;
			buildConfigurations = (
				0B9A963F2C50ACB400996983 /* Debug */,
				0B9A96402C50ACB400996983 /* Release */,
			);
			defaultConfigurationIsVisible = 0;
			defaultConfigurationName = Release;
		};
		0B9A96412C50ACB400996983 /* Build configuration list for PBXNativeTarget "NewsApp" */ = {
			isa = XCConfigurationList;
			buildConfigurations = (
				0B9A96422C50ACB400996983 /* Debug */,
				0B9A96432C50ACB400996983 /* Release */,
			);
			defaultConfigurationIsVisible = 0;
			defaultConfigurationName = Release;
		};
		0B9A96442C50ACB400996983 /* Build configuration list for PBXNativeTarget "NewsAppTests" */ = {
			isa = XCConfigurationList;
			buildConfigurations = (
				0B9A96452C50ACB400996983 /* Debug */,
				0B9A96462C50ACB400996983 /* Release */,
			);
			defaultConfigurationIsVisible = 0;
			defaultConfigurationName = Release;
		};
		0B9A96472C50ACB400996983 /* Build configuration list for PBXNativeTarget "NewsAppUITests" */ = {
			isa = XCConfigurationList;
			buildConfigurations = (
				0B9A96482C50ACB400996983 /* Debug */,
				0B9A96492C50ACB400996983 /* Release */,
			);
			defaultConfigurationIsVisible = 0;
			defaultConfigurationName = Release;
		};
/* End XCConfigurationList section */

/* Begin XCRemoteSwiftPackageReference section */
		0B869C9E2C569B140006CAD9 /* XCRemoteSwiftPackageReference "firebase-ios-sdk" */ = {
			isa = XCRemoteSwiftPackageReference;
			repositoryURL = "https://github.com/firebase/firebase-ios-sdk";
			requirement = {
				kind = upToNextMajorVersion;
				minimumVersion = 10.29.0;
			};
		};
/* End XCRemoteSwiftPackageReference section */

/* Begin XCSwiftPackageProductDependency section */
		0B869C9F2C569B140006CAD9 /* FirebaseAnalytics */ = {
			isa = XCSwiftPackageProductDependency;
			package = 0B869C9E2C569B140006CAD9 /* XCRemoteSwiftPackageReference "firebase-ios-sdk" */;
			productName = FirebaseAnalytics;
		};
		0B869CA12C569B140006CAD9 /* FirebaseAnalyticsOnDeviceConversion */ = {
			isa = XCSwiftPackageProductDependency;
			package = 0B869C9E2C569B140006CAD9 /* XCRemoteSwiftPackageReference "firebase-ios-sdk" */;
			productName = FirebaseAnalyticsOnDeviceConversion;
		};
		0B869CA32C569B140006CAD9 /* FirebaseAnalyticsSwift */ = {
			isa = XCSwiftPackageProductDependency;
			package = 0B869C9E2C569B140006CAD9 /* XCRemoteSwiftPackageReference "firebase-ios-sdk" */;
			productName = FirebaseAnalyticsSwift;
		};
		0B869CA52C569B140006CAD9 /* FirebaseAnalyticsWithoutAdIdSupport */ = {
			isa = XCSwiftPackageProductDependency;
			package = 0B869C9E2C569B140006CAD9 /* XCRemoteSwiftPackageReference "firebase-ios-sdk" */;
			productName = FirebaseAnalyticsWithoutAdIdSupport;
		};
		0B869CA72C569B140006CAD9 /* FirebaseAppCheck */ = {
			isa = XCSwiftPackageProductDependency;
			package = 0B869C9E2C569B140006CAD9 /* XCRemoteSwiftPackageReference "firebase-ios-sdk" */;
			productName = FirebaseAppCheck;
		};
		0B869CA92C569B140006CAD9 /* FirebaseAppDistribution-Beta */ = {
			isa = XCSwiftPackageProductDependency;
			package = 0B869C9E2C569B140006CAD9 /* XCRemoteSwiftPackageReference "firebase-ios-sdk" */;
			productName = "FirebaseAppDistribution-Beta";
		};
		0B869CAB2C569B140006CAD9 /* FirebaseAuth */ = {
			isa = XCSwiftPackageProductDependency;
			package = 0B869C9E2C569B140006CAD9 /* XCRemoteSwiftPackageReference "firebase-ios-sdk" */;
			productName = FirebaseAuth;
		};
		0B869CAD2C569B140006CAD9 /* FirebaseAuthCombine-Community */ = {
			isa = XCSwiftPackageProductDependency;
			package = 0B869C9E2C569B140006CAD9 /* XCRemoteSwiftPackageReference "firebase-ios-sdk" */;
			productName = "FirebaseAuthCombine-Community";
		};
		0B869CAF2C569B140006CAD9 /* FirebaseCrashlytics */ = {
			isa = XCSwiftPackageProductDependency;
			package = 0B869C9E2C569B140006CAD9 /* XCRemoteSwiftPackageReference "firebase-ios-sdk" */;
			productName = FirebaseCrashlytics;
		};
		0B869CB12C569B140006CAD9 /* FirebaseDatabase */ = {
			isa = XCSwiftPackageProductDependency;
			package = 0B869C9E2C569B140006CAD9 /* XCRemoteSwiftPackageReference "firebase-ios-sdk" */;
			productName = FirebaseDatabase;
		};
		0B869CB32C569B140006CAD9 /* FirebaseDatabaseSwift */ = {
			isa = XCSwiftPackageProductDependency;
			package = 0B869C9E2C569B140006CAD9 /* XCRemoteSwiftPackageReference "firebase-ios-sdk" */;
			productName = FirebaseDatabaseSwift;
		};
		0B869CB52C569B140006CAD9 /* FirebaseDynamicLinks */ = {
			isa = XCSwiftPackageProductDependency;
			package = 0B869C9E2C569B140006CAD9 /* XCRemoteSwiftPackageReference "firebase-ios-sdk" */;
			productName = FirebaseDynamicLinks;
		};
		0B869CB72C569B140006CAD9 /* FirebaseFirestore */ = {
			isa = XCSwiftPackageProductDependency;
			package = 0B869C9E2C569B140006CAD9 /* XCRemoteSwiftPackageReference "firebase-ios-sdk" */;
			productName = FirebaseFirestore;
		};
		0B869CB92C569B140006CAD9 /* FirebaseFirestoreCombine-Community */ = {
			isa = XCSwiftPackageProductDependency;
			package = 0B869C9E2C569B140006CAD9 /* XCRemoteSwiftPackageReference "firebase-ios-sdk" */;
			productName = "FirebaseFirestoreCombine-Community";
		};
		0B869CBB2C569B140006CAD9 /* FirebaseFirestoreSwift */ = {
			isa = XCSwiftPackageProductDependency;
			package = 0B869C9E2C569B140006CAD9 /* XCRemoteSwiftPackageReference "firebase-ios-sdk" */;
			productName = FirebaseFirestoreSwift;
		};
		0B869CBD2C569B140006CAD9 /* FirebaseFunctions */ = {
			isa = XCSwiftPackageProductDependency;
			package = 0B869C9E2C569B140006CAD9 /* XCRemoteSwiftPackageReference "firebase-ios-sdk" */;
			productName = FirebaseFunctions;
		};
		0B869CBF2C569B140006CAD9 /* FirebaseFunctionsCombine-Community */ = {
			isa = XCSwiftPackageProductDependency;
			package = 0B869C9E2C569B140006CAD9 /* XCRemoteSwiftPackageReference "firebase-ios-sdk" */;
			productName = "FirebaseFunctionsCombine-Community";
		};
		0B869CC12C569B140006CAD9 /* FirebaseInAppMessaging-Beta */ = {
			isa = XCSwiftPackageProductDependency;
			package = 0B869C9E2C569B140006CAD9 /* XCRemoteSwiftPackageReference "firebase-ios-sdk" */;
			productName = "FirebaseInAppMessaging-Beta";
		};
		0B869CC32C569B140006CAD9 /* FirebaseInAppMessagingSwift-Beta */ = {
			isa = XCSwiftPackageProductDependency;
			package = 0B869C9E2C569B140006CAD9 /* XCRemoteSwiftPackageReference "firebase-ios-sdk" */;
			productName = "FirebaseInAppMessagingSwift-Beta";
		};
		0B869CC52C569B140006CAD9 /* FirebaseInstallations */ = {
			isa = XCSwiftPackageProductDependency;
			package = 0B869C9E2C569B140006CAD9 /* XCRemoteSwiftPackageReference "firebase-ios-sdk" */;
			productName = FirebaseInstallations;
		};
		0B869CC72C569B140006CAD9 /* FirebaseMLModelDownloader */ = {
			isa = XCSwiftPackageProductDependency;
			package = 0B869C9E2C569B140006CAD9 /* XCRemoteSwiftPackageReference "firebase-ios-sdk" */;
			productName = FirebaseMLModelDownloader;
		};
		0B869CC92C569B140006CAD9 /* FirebaseMessaging */ = {
			isa = XCSwiftPackageProductDependency;
			package = 0B869C9E2C569B140006CAD9 /* XCRemoteSwiftPackageReference "firebase-ios-sdk" */;
			productName = FirebaseMessaging;
		};
		0B869CCB2C569B140006CAD9 /* FirebasePerformance */ = {
			isa = XCSwiftPackageProductDependency;
			package = 0B869C9E2C569B140006CAD9 /* XCRemoteSwiftPackageReference "firebase-ios-sdk" */;
			productName = FirebasePerformance;
		};
		0B869CCD2C569B140006CAD9 /* FirebaseRemoteConfig */ = {
			isa = XCSwiftPackageProductDependency;
			package = 0B869C9E2C569B140006CAD9 /* XCRemoteSwiftPackageReference "firebase-ios-sdk" */;
			productName = FirebaseRemoteConfig;
		};
		0B869CCF2C569B140006CAD9 /* FirebaseRemoteConfigSwift */ = {
			isa = XCSwiftPackageProductDependency;
			package = 0B869C9E2C569B140006CAD9 /* XCRemoteSwiftPackageReference "firebase-ios-sdk" */;
			productName = FirebaseRemoteConfigSwift;
		};
		0B869CD12C569B140006CAD9 /* FirebaseStorage */ = {
			isa = XCSwiftPackageProductDependency;
			package = 0B869C9E2C569B140006CAD9 /* XCRemoteSwiftPackageReference "firebase-ios-sdk" */;
			productName = FirebaseStorage;
		};
		0B869CD32C569B140006CAD9 /* FirebaseStorageCombine-Community */ = {
			isa = XCSwiftPackageProductDependency;
			package = 0B869C9E2C569B140006CAD9 /* XCRemoteSwiftPackageReference "firebase-ios-sdk" */;
			productName = "FirebaseStorageCombine-Community";
		};
		0B869CD52C569B140006CAD9 /* FirebaseVertexAI-Preview */ = {
			isa = XCSwiftPackageProductDependency;
			package = 0B869C9E2C569B140006CAD9 /* XCRemoteSwiftPackageReference "firebase-ios-sdk" */;
			productName = "FirebaseVertexAI-Preview";
		};
/* End XCSwiftPackageProductDependency section */
	};
	rootObject = 0B9A96152C50ACB200996983 /* Project object */;
}
